// !$*UTF8*$!
{
	archiveVersion = 1;
	classes = {
	};
	objectVersion = 50;
	objects = {

/* Begin PBXBuildFile section */
		9ECBCD962495CDC100CC1F3A /* AppDelegate.swift in Sources */ = {isa = PBXBuildFile; fileRef = 9ECBCD952495CDC100CC1F3A /* AppDelegate.swift */; };
		9ECBCD982495CDC100CC1F3A /* SceneDelegate.swift in Sources */ = {isa = PBXBuildFile; fileRef = 9ECBCD972495CDC100CC1F3A /* SceneDelegate.swift */; };
		9ECBCD9A2495CDC100CC1F3A /* ContentView.swift in Sources */ = {isa = PBXBuildFile; fileRef = 9ECBCD992495CDC100CC1F3A /* ContentView.swift */; };
		9ECBCD9C2495CDC200CC1F3A /* Assets.xcassets in Resources */ = {isa = PBXBuildFile; fileRef = 9ECBCD9B2495CDC200CC1F3A /* Assets.xcassets */; };
		9ECBCD9F2495CDC200CC1F3A /* Preview Assets.xcassets in Resources */ = {isa = PBXBuildFile; fileRef = 9ECBCD9E2495CDC200CC1F3A /* Preview Assets.xcassets */; };
		9ECBCDA22495CDC200CC1F3A /* LaunchScreen.storyboard in Resources */ = {isa = PBXBuildFile; fileRef = 9ECBCDA02495CDC200CC1F3A /* LaunchScreen.storyboard */; };
		9ECBCDAB2495D22600CC1F3A /* NetworkManager.swift in Sources */ = {isa = PBXBuildFile; fileRef = 9ECBCDAA2495D22600CC1F3A /* NetworkManager.swift */; };
		9ECBCDAD2495D50700CC1F3A /* PostData.swift in Sources */ = {isa = PBXBuildFile; fileRef = 9ECBCDAC2495D50700CC1F3A /* PostData.swift */; };
		9ECBCDB02495E6BA00CC1F3A /* DetailView.swift in Sources */ = {isa = PBXBuildFile; fileRef = 9ECBCDAF2495E6BA00CC1F3A /* DetailView.swift */; };
		9ECBCDB22495F2E000CC1F3A /* WebView.swift in Sources */ = {isa = PBXBuildFile; fileRef = 9ECBCDB12495F2E000CC1F3A /* WebView.swift */; };
/* End PBXBuildFile section */

/* Begin PBXFileReference section */
		9ECBCD922495CDC100CC1F3A /* H$X0R News.app */ = {isa = PBXFileReference; explicitFileType = wrapper.application; includeInIndex = 0; path = "H$X0R News.app"; sourceTree = BUILT_PRODUCTS_DIR; };
		9ECBCD952495CDC100CC1F3A /* AppDelegate.swift */ = {isa = PBXFileReference; lastKnownFileType = sourcecode.swift; path = AppDelegate.swift; sourceTree = "<group>"; };
		9ECBCD972495CDC100CC1F3A /* SceneDelegate.swift */ = {isa = PBXFileReference; lastKnownFileType = sourcecode.swift; path = SceneDelegate.swift; sourceTree = "<group>"; };
		9ECBCD992495CDC100CC1F3A /* ContentView.swift */ = {isa = PBXFileReference; lastKnownFileType = sourcecode.swift; path = ContentView.swift; sourceTree = "<group>"; };
		9ECBCD9B2495CDC200CC1F3A /* Assets.xcassets */ = {isa = PBXFileReference; lastKnownFileType = folder.assetcatalog; path = Assets.xcassets; sourceTree = "<group>"; };
		9ECBCD9E2495CDC200CC1F3A /* Preview Assets.xcassets */ = {isa = PBXFileReference; lastKnownFileType = folder.assetcatalog; path = "Preview Assets.xcassets"; sourceTree = "<group>"; };
		9ECBCDA12495CDC200CC1F3A /* Base */ = {isa = PBXFileReference; lastKnownFileType = file.storyboard; name = Base; path = Base.lproj/LaunchScreen.storyboard; sourceTree = "<group>"; };
		9ECBCDA32495CDC200CC1F3A /* Info.plist */ = {isa = PBXFileReference; lastKnownFileType = text.plist.xml; path = Info.plist; sourceTree = "<group>"; };
		9ECBCDAA2495D22600CC1F3A /* NetworkManager.swift */ = {isa = PBXFileReference; lastKnownFileType = sourcecode.swift; path = NetworkManager.swift; sourceTree = "<group>"; };
		9ECBCDAC2495D50700CC1F3A /* PostData.swift */ = {isa = PBXFileReference; lastKnownFileType = sourcecode.swift; path = PostData.swift; sourceTree = "<group>"; };
		9ECBCDAF2495E6BA00CC1F3A /* DetailView.swift */ = {isa = PBXFileReference; lastKnownFileType = sourcecode.swift; path = DetailView.swift; sourceTree = "<group>"; };
		9ECBCDB12495F2E000CC1F3A /* WebView.swift */ = {isa = PBXFileReference; lastKnownFileType = sourcecode.swift; path = WebView.swift; sourceTree = "<group>"; };
		9ECBCDB32495F57D00CC1F3A /* H$X0R News.entitlements */ = {isa = PBXFileReference; lastKnownFileType = text.plist.entitlements; path = "H$X0R News.entitlements"; sourceTree = "<group>"; };
/* End PBXFileReference section */

/* Begin PBXFrameworksBuildPhase section */
		9ECBCD8F2495CDC100CC1F3A /* Frameworks */ = {
			isa = PBXFrameworksBuildPhase;
			buildActionMask = 2147483647;
			files = (
			);
			runOnlyForDeploymentPostprocessing = 0;
		};
/* End PBXFrameworksBuildPhase section */

/* Begin PBXGroup section */
		9ECBCD892495CDC100CC1F3A = {
			isa = PBXGroup;
			children = (
				9ECBCD942495CDC100CC1F3A /* H$X0R News */,
				9ECBCD932495CDC100CC1F3A /* Products */,
			);
			sourceTree = "<group>";
		};
		9ECBCD932495CDC100CC1F3A /* Products */ = {
			isa = PBXGroup;
			children = (
				9ECBCD922495CDC100CC1F3A /* H$X0R News.app */,
			);
			name = Products;
			sourceTree = "<group>";
		};
		9ECBCD942495CDC100CC1F3A /* H$X0R News */ = {
			isa = PBXGroup;
			children = (
				9ECBCDB32495F57D00CC1F3A /* H$X0R News.entitlements */,
				9ECBCD952495CDC100CC1F3A /* AppDelegate.swift */,
				9ECBCD972495CDC100CC1F3A /* SceneDelegate.swift */,
				9ECBCDAE2495E68A00CC1F3A /* View */,
				9ECBCDA92495D1EA00CC1F3A /* Model */,
				9ECBCD9B2495CDC200CC1F3A /* Assets.xcassets */,
				9ECBCDA02495CDC200CC1F3A /* LaunchScreen.storyboard */,
				9ECBCDA32495CDC200CC1F3A /* Info.plist */,
				9ECBCD9D2495CDC200CC1F3A /* Preview Content */,
			);
			path = "H$X0R News";
			sourceTree = "<group>";
		};
		9ECBCD9D2495CDC200CC1F3A /* Preview Content */ = {
			isa = PBXGroup;
			children = (
				9ECBCD9E2495CDC200CC1F3A /* Preview Assets.xcassets */,
			);
			path = "Preview Content";
			sourceTree = "<group>";
		};
		9ECBCDA92495D1EA00CC1F3A /* Model */ = {
			isa = PBXGroup;
			children = (
				9ECBCDAA2495D22600CC1F3A /* NetworkManager.swift */,
				9ECBCDAC2495D50700CC1F3A /* PostData.swift */,
			);
			path = Model;
			sourceTree = "<group>";
		};
		9ECBCDAE2495E68A00CC1F3A /* View */ = {
			isa = PBXGroup;
			children = (
				9ECBCD992495CDC100CC1F3A /* ContentView.swift */,
				9ECBCDAF2495E6BA00CC1F3A /* DetailView.swift */,
				9ECBCDB12495F2E000CC1F3A /* WebView.swift */,
			);
			path = View;
			sourceTree = "<group>";
		};
/* End PBXGroup section */

/* Begin PBXNativeTarget section */
		9ECBCD912495CDC100CC1F3A /* H$X0R News */ = {
			isa = PBXNativeTarget;
			buildConfigurationList = 9ECBCDA62495CDC200CC1F3A /* Build configuration list for PBXNativeTarget "H$X0R News" */;
			buildPhases = (
				9ECBCD8E2495CDC100CC1F3A /* Sources */,
				9ECBCD8F2495CDC100CC1F3A /* Frameworks */,
				9ECBCD902495CDC100CC1F3A /* Resources */,
			);
			buildRules = (
			);
			dependencies = (
			);
			name = "H$X0R News";
			productName = "H$X0R News";
			productReference = 9ECBCD922495CDC100CC1F3A /* H$X0R News.app */;
			productType = "com.apple.product-type.application";
		};
/* End PBXNativeTarget section */

/* Begin PBXProject section */
		9ECBCD8A2495CDC100CC1F3A /* Project object */ = {
			isa = PBXProject;
			attributes = {
				LastSwiftUpdateCheck = 1150;
				LastUpgradeCheck = 1150;
				ORGANIZATIONNAME = "Neos Innovations";
				TargetAttributes = {
					9ECBCD912495CDC100CC1F3A = {
						CreatedOnToolsVersion = 11.5;
					};
				};
			};
			buildConfigurationList = 9ECBCD8D2495CDC100CC1F3A /* Build configuration list for PBXProject "H$X0R News" */;
			compatibilityVersion = "Xcode 9.3";
			developmentRegion = en;
			hasScannedForEncodings = 0;
			knownRegions = (
				en,
				Base,
			);
			mainGroup = 9ECBCD892495CDC100CC1F3A;
			productRefGroup = 9ECBCD932495CDC100CC1F3A /* Products */;
			projectDirPath = "";
			projectRoot = "";
			targets = (
				9ECBCD912495CDC100CC1F3A /* H$X0R News */,
			);
		};
/* End PBXProject section */

/* Begin PBXResourcesBuildPhase section */
		9ECBCD902495CDC100CC1F3A /* Resources */ = {
			isa = PBXResourcesBuildPhase;
			buildActionMask = 2147483647;
			files = (
				9ECBCDA22495CDC200CC1F3A /* LaunchScreen.storyboard in Resources */,
				9ECBCD9F2495CDC200CC1F3A /* Preview Assets.xcassets in Resources */,
				9ECBCD9C2495CDC200CC1F3A /* Assets.xcassets in Resources */,
			);
			runOnlyForDeploymentPostprocessing = 0;
		};
/* End PBXResourcesBuildPhase section */

/* Begin PBXSourcesBuildPhase section */
		9ECBCD8E2495CDC100CC1F3A /* Sources */ = {
			isa = PBXSourcesBuildPhase;
			buildActionMask = 2147483647;
			files = (
				9ECBCDAD2495D50700CC1F3A /* PostData.swift in Sources */,
				9ECBCDB02495E6BA00CC1F3A /* DetailView.swift in Sources */,
				9ECBCDAB2495D22600CC1F3A /* NetworkManager.swift in Sources */,
				9ECBCD962495CDC100CC1F3A /* AppDelegate.swift in Sources */,
				9ECBCD982495CDC100CC1F3A /* SceneDelegate.swift in Sources */,
				9ECBCD9A2495CDC100CC1F3A /* ContentView.swift in Sources */,
				9ECBCDB22495F2E000CC1F3A /* WebView.swift in Sources */,
			);
			runOnlyForDeploymentPostprocessing = 0;
		};
/* End PBXSourcesBuildPhase section */

/* Begin PBXVariantGroup section */
		9ECBCDA02495CDC200CC1F3A /* LaunchScreen.storyboard */ = {
			isa = PBXVariantGroup;
			children = (
				9ECBCDA12495CDC200CC1F3A /* Base */,
			);
			name = LaunchScreen.storyboard;
			sourceTree = "<group>";
		};
/* End PBXVariantGroup section */

/* Begin XCBuildConfiguration section */
		9ECBCDA42495CDC200CC1F3A /* Debug */ = {
			isa = XCBuildConfiguration;
			buildSettings = {
				ALWAYS_SEARCH_USER_PATHS = NO;
				CLANG_ANALYZER_NONNULL = YES;
				CLANG_ANALYZER_NUMBER_OBJECT_CONVERSION = YES_AGGRESSIVE;
				CLANG_CXX_LANGUAGE_STANDARD = "gnu++14";
				CLANG_CXX_LIBRARY = "libc++";
				CLANG_ENABLE_MODULES = YES;
				CLANG_ENABLE_OBJC_ARC = YES;
				CLANG_ENABLE_OBJC_WEAK = YES;
				CLANG_WARN_BLOCK_CAPTURE_AUTORELEASING = YES;
				CLANG_WARN_BOOL_CONVERSION = YES;
				CLANG_WARN_COMMA = YES;
				CLANG_WARN_CONSTANT_CONVERSION = YES;
				CLANG_WARN_DEPRECATED_OBJC_IMPLEMENTATIONS = YES;
				CLANG_WARN_DIRECT_OBJC_ISA_USAGE = YES_ERROR;
				CLANG_WARN_DOCUMENTATION_COMMENTS = YES;
				CLANG_WARN_EMPTY_BODY = YES;
				CLANG_WARN_ENUM_CONVERSION = YES;
				CLANG_WARN_INFINITE_RECURSION = YES;
				CLANG_WARN_INT_CONVERSION = YES;
				CLANG_WARN_NON_LITERAL_NULL_CONVERSION = YES;
				CLANG_WARN_OBJC_IMPLICIT_RETAIN_SELF = YES;
				CLANG_WARN_OBJC_LITERAL_CONVERSION = YES;
				CLANG_WARN_OBJC_ROOT_CLASS = YES_ERROR;
				CLANG_WARN_RANGE_LOOP_ANALYSIS = YES;
				CLANG_WARN_STRICT_PROTOTYPES = YES;
				CLANG_WARN_SUSPICIOUS_MOVE = YES;
				CLANG_WARN_UNGUARDED_AVAILABILITY = YES_AGGRESSIVE;
				CLANG_WARN_UNREACHABLE_CODE = YES;
				CLANG_WARN__DUPLICATE_METHOD_MATCH = YES;
				COPY_PHASE_STRIP = NO;
				DEBUG_INFORMATION_FORMAT = dwarf;
				ENABLE_STRICT_OBJC_MSGSEND = YES;
				ENABLE_TESTABILITY = YES;
				GCC_C_LANGUAGE_STANDARD = gnu11;
				GCC_DYNAMIC_NO_PIC = NO;
				GCC_NO_COMMON_BLOCKS = YES;
				GCC_OPTIMIZATION_LEVEL = 0;
				GCC_PREPROCESSOR_DEFINITIONS = (
					"DEBUG=1",
					"$(inherited)",
				);
				GCC_WARN_64_TO_32_BIT_CONVERSION = YES;
				GCC_WARN_ABOUT_RETURN_TYPE = YES_ERROR;
				GCC_WARN_UNDECLARED_SELECTOR = YES;
				GCC_WARN_UNINITIALIZED_AUTOS = YES_AGGRESSIVE;
				GCC_WARN_UNUSED_FUNCTION = YES;
				GCC_WARN_UNUSED_VARIABLE = YES;
				IPHONEOS_DEPLOYMENT_TARGET = 13.5;
				MTL_ENABLE_DEBUG_INFO = INCLUDE_SOURCE;
				MTL_FAST_MATH = YES;
				ONLY_ACTIVE_ARCH = YES;
				SDKROOT = iphoneos;
				SWIFT_ACTIVE_COMPILATION_CONDITIONS = DEBUG;
				SWIFT_OPTIMIZATION_LEVEL = "-Onone";
			};
			name = Debug;
		};
		9ECBCDA52495CDC200CC1F3A /* Release */ = {
			isa = XCBuildConfiguration;
			buildSettings = {
				ALWAYS_SEARCH_USER_PATHS = NO;
				CLANG_ANALYZER_NONNULL = YES;
				CLANG_ANALYZER_NUMBER_OBJECT_CONVERSION = YES_AGGRESSIVE;
				CLANG_CXX_LANGUAGE_STANDARD = "gnu++14";
				CLANG_CXX_LIBRARY = "libc++";
				CLANG_ENABLE_MODULES = YES;
				CLANG_ENABLE_OBJC_ARC = YES;
				CLANG_ENABLE_OBJC_WEAK = YES;
				CLANG_WARN_BLOCK_CAPTURE_AUTORELEASING = YES;
				CLANG_WARN_BOOL_CONVERSION = YES;
				CLANG_WARN_COMMA = YES;
				CLANG_WARN_CONSTANT_CONVERSION = YES;
				CLANG_WARN_DEPRECATED_OBJC_IMPLEMENTATIONS = YES;
				CLANG_WARN_DIRECT_OBJC_ISA_USAGE = YES_ERROR;
				CLANG_WARN_DOCUMENTATION_COMMENTS = YES;
				CLANG_WARN_EMPTY_BODY = YES;
				CLANG_WARN_ENUM_CONVERSION = YES;
				CLANG_WARN_INFINITE_RECURSION = YES;
				CLANG_WARN_INT_CONVERSION = YES;
				CLANG_WARN_NON_LITERAL_NULL_CONVERSION = YES;
				CLANG_WARN_OBJC_IMPLICIT_RETAIN_SELF = YES;
				CLANG_WARN_OBJC_LITERAL_CONVERSION = YES;
				CLANG_WARN_OBJC_ROOT_CLASS = YES_ERROR;
				CLANG_WARN_RANGE_LOOP_ANALYSIS = YES;
				CLANG_WARN_STRICT_PROTOTYPES = YES;
				CLANG_WARN_SUSPICIOUS_MOVE = YES;
				CLANG_WARN_UNGUARDED_AVAILABILITY = YES_AGGRESSIVE;
				CLANG_WARN_UNREACHABLE_CODE = YES;
				CLANG_WARN__DUPLICATE_METHOD_MATCH = YES;
				COPY_PHASE_STRIP = NO;
				DEBUG_INFORMATION_FORMAT = "dwarf-with-dsym";
				ENABLE_NS_ASSERTIONS = NO;
				ENABLE_STRICT_OBJC_MSGSEND = YES;
				GCC_C_LANGUAGE_STANDARD = gnu11;
				GCC_NO_COMMON_BLOCKS = YES;
				GCC_WARN_64_TO_32_BIT_CONVERSION = YES;
				GCC_WARN_ABOUT_RETURN_TYPE = YES_ERROR;
				GCC_WARN_UNDECLARED_SELECTOR = YES;
				GCC_WARN_UNINITIALIZED_AUTOS = YES_AGGRESSIVE;
				GCC_WARN_UNUSED_FUNCTION = YES;
				GCC_WARN_UNUSED_VARIABLE = YES;
				IPHONEOS_DEPLOYMENT_TARGET = 13.5;
				MTL_ENABLE_DEBUG_INFO = NO;
				MTL_FAST_MATH = YES;
				SDKROOT = iphoneos;
				SWIFT_COMPILATION_MODE = wholemodule;
				SWIFT_OPTIMIZATION_LEVEL = "-O";
				VALIDATE_PRODUCT = YES;
			};
			name = Release;
		};
		9ECBCDA72495CDC200CC1F3A /* Debug */ = {
			isa = XCBuildConfiguration;
			buildSettings = {
				ASSETCATALOG_COMPILER_APPICON_NAME = AppIcon;
				CODE_SIGN_ENTITLEMENTS = "H$X0R News/H$X0R News.entitlements";
				CODE_SIGN_STYLE = Automatic;
				DEVELOPMENT_ASSET_PATHS = "\"H$X0R News/Preview Content\"";
				DEVELOPMENT_TEAM = 7ZYD43M5J2;
				ENABLE_PREVIEWS = YES;
				INFOPLIST_FILE = "H$X0R News/Info.plist";
				LD_RUNPATH_SEARCH_PATHS = (
					"$(inherited)",
					"@executable_path/Frameworks",
				);
				PRODUCT_BUNDLE_IDENTIFIER = "com.neos.H-X0R-News";
				PRODUCT_NAME = "$(TARGET_NAME)";
				SUPPORTS_MACCATALYST = YES;
				SWIFT_VERSION = 5.0;
				TARGETED_DEVICE_FAMILY = "1,2";
			};
			name = Debug;
		};
		9ECBCDA82495CDC200CC1F3A /* Release */ = {
			isa = XCBuildConfiguration;
			buildSettings = {
				ASSETCATALOG_COMPILER_APPICON_NAME = AppIcon;
				CODE_SIGN_ENTITLEMENTS = "H$X0R News/H$X0R News.entitlements";
				CODE_SIGN_STYLE = Automatic;
				DEVELOPMENT_ASSET_PATHS = "\"H$X0R News/Preview Content\"";
				DEVELOPMENT_TEAM = 7ZYD43M5J2;
				ENABLE_PREVIEWS = YES;
				INFOPLIST_FILE = "H$X0R News/Info.plist";
				LD_RUNPATH_SEARCH_PATHS = (
					"$(inherited)",
					"@executable_path/Frameworks",
				);
				PRODUCT_BUNDLE_IDENTIFIER = "com.neos.H-X0R-News";
				PRODUCT_NAME = "$(TARGET_NAME)";
				SUPPORTS_MACCATALYST = YES;
				SWIFT_VERSION = 5.0;
				TARGETED_DEVICE_FAMILY = "1,2";
			};
			name = Release;
		};
/* End XCBuildConfiguration section */

/* Begin XCConfigurationList section */
		9ECBCD8D2495CDC100CC1F3A /* Build configuration list for PBXProject "H$X0R News" */ = {
			isa = XCConfigurationList;
			buildConfigurations = (
				9ECBCDA42495CDC200CC1F3A /* Debug */,
				9ECBCDA52495CDC200CC1F3A /* Release */,
			);
			defaultConfigurationIsVisible = 0;
			defaultConfigurationName = Release;
		};
		9ECBCDA62495CDC200CC1F3A /* Build configuration list for PBXNativeTarget "H$X0R News" */ = {
			isa = XCConfigurationList;
			buildConfigurations = (
				9ECBCDA72495CDC200CC1F3A /* Debug */,
				9ECBCDA82495CDC200CC1F3A /* Release */,
			);
			defaultConfigurationIsVisible = 0;
			defaultConfigurationName = Release;
		};
/* End XCConfigurationList section */
	};
	rootObject = 9ECBCD8A2495CDC100CC1F3A /* Project object */;
}
